
Microsoft Visual Studio Solution File, Format Version 12.00
# Visual Studio 15
VisualStudioVersion = 15.0.27130.2036
MinimumVisualStudioVersion = 10.0.40219.1
Project("{00D1A9C2-B5F0-4AF3-8072-F6C62B433612}") = "ESFA.DC.Data.ULN.Database", "ESFA.DC.Data.ULN.Database\ESFA.DC.Data.ULN.Database.sqlproj", "{4919E882-642D-4123-B2E0-7CF98BAFD5B7}"
EndProject
Project("{FAE04EC0-301F-11D3-BF4B-00C04F79EFBC}") = "ESFA.DC.Data.ULN.Model", "ESFA.DC.Data.ULN.Model\ESFA.DC.Data.ULN.Model.csproj", "{B8FCE04A-B3B6-4336-A0DC-796C9AB90F3A}"
EndProject
Project("{2150E333-8FDC-42A3-9474-1A3956D46DE8}") = "Solution Items", "Solution Items", "{97F0C2FE-3A85-4EFF-B784-E993B2919AFD}"
	ProjectSection(SolutionItems) = preProject
		..\README.md = ..\README.md
	EndProjectSection
EndProject
Project("{159641D6-6404-4A2A-AE62-294DE0FE8301}") = "ESFA.DC.Data.ULN.SSIS", "ESFA.DC.Data.ULN.SSIS\ESFA.DC.Data.ULN.SSIS.dtproj", "{4885B9AB-3FB0-435E-90EE-4B78F6B1E15E}"
EndProject
Global
	GlobalSection(SolutionConfigurationPlatforms) = preSolution
		Debug|Any CPU = Debug|Any CPU
		Development|Any CPU = Development|Any CPU
		Release|Any CPU = Release|Any CPU
	EndGlobalSection
	GlobalSection(ProjectConfigurationPlatforms) = postSolution
		{4919E882-642D-4123-B2E0-7CF98BAFD5B7}.Debug|Any CPU.ActiveCfg = Debug|Any CPU
		{4919E882-642D-4123-B2E0-7CF98BAFD5B7}.Debug|Any CPU.Build.0 = Debug|Any CPU
		{4919E882-642D-4123-B2E0-7CF98BAFD5B7}.Debug|Any CPU.Deploy.0 = Debug|Any CPU
		{4919E882-642D-4123-B2E0-7CF98BAFD5B7}.Development|Any CPU.ActiveCfg = Debug|Any CPU
		{4919E882-642D-4123-B2E0-7CF98BAFD5B7}.Development|Any CPU.Build.0 = Debug|Any CPU
		{4919E882-642D-4123-B2E0-7CF98BAFD5B7}.Development|Any CPU.Deploy.0 = Debug|Any CPU
		{4919E882-642D-4123-B2E0-7CF98BAFD5B7}.Release|Any CPU.ActiveCfg = Release|Any CPU
		{4919E882-642D-4123-B2E0-7CF98BAFD5B7}.Release|Any CPU.Build.0 = Release|Any CPU
		{4919E882-642D-4123-B2E0-7CF98BAFD5B7}.Release|Any CPU.Deploy.0 = Release|Any CPU
		{B8FCE04A-B3B6-4336-A0DC-796C9AB90F3A}.Debug|Any CPU.ActiveCfg = Debug|Any CPU
		{B8FCE04A-B3B6-4336-A0DC-796C9AB90F3A}.Debug|Any CPU.Build.0 = Debug|Any CPU
		{B8FCE04A-B3B6-4336-A0DC-796C9AB90F3A}.Development|Any CPU.ActiveCfg = Debug|Any CPU
		{B8FCE04A-B3B6-4336-A0DC-796C9AB90F3A}.Development|Any CPU.Build.0 = Debug|Any CPU
		{B8FCE04A-B3B6-4336-A0DC-796C9AB90F3A}.Release|Any CPU.ActiveCfg = Release|Any CPU
		{B8FCE04A-B3B6-4336-A0DC-796C9AB90F3A}.Release|Any CPU.Build.0 = Release|Any CPU
		{4885B9AB-3FB0-435E-90EE-4B78F6B1E15E}.Debug|Any CPU.ActiveCfg = Development
		{4885B9AB-3FB0-435E-90EE-4B78F6B1E15E}.Debug|Any CPU.Build.0 = Development
		{4885B9AB-3FB0-435E-90EE-4B78F6B1E15E}.Development|Any CPU.ActiveCfg = Development
		{4885B9AB-3FB0-435E-90EE-4B78F6B1E15E}.Development|Any CPU.Build.0 = Development
		{4885B9AB-3FB0-435E-90EE-4B78F6B1E15E}.Release|Any CPU.ActiveCfg = Development
		{4885B9AB-3FB0-435E-90EE-4B78F6B1E15E}.Release|Any CPU.Build.0 = Development
	EndGlobalSection
	GlobalSection(SolutionProperties) = preSolution
		HideSolutionNode = FALSE
	EndGlobalSection
	GlobalSection(ExtensibilityGlobals) = postSolution
		SolutionGuid = {798AA782-D597-4B07-8402-B2178E27EDFC}
	EndGlobalSection
EndGlobal
